
Microsoft Visual Studio Solution File, Format Version 12.00
# Visual Studio Version 16
VisualStudioVersion = 16.0.32929.386
MinimumVisualStudioVersion = 10.0.40219.1
Project("{FAE04EC0-301F-11D3-BF4B-00C04F79EFBC}") = "PujasBookStore", "PujasBookStore\PujasBookStore.csproj", "{3DBF4F16-08BE-45A4-8073-3D2E3E7A6E6A}"
EndProject
Global
	GlobalSection(SolutionConfigurationPlatforms) = preSolution
		Debug|Any CPU = Debug|Any CPU
		Release|Any CPU = Release|Any CPU
	EndGlobalSection
	GlobalSection(ProjectConfigurationPlatforms) = postSolution
		{3DBF4F16-08BE-45A4-8073-3D2E3E7A6E6A}.Debug|Any CPU.ActiveCfg = Debug|Any CPU
		{3DBF4F16-08BE-45A4-8073-3D2E3E7A6E6A}.Debug|Any CPU.Build.0 = Debug|Any CPU
		{3DBF4F16-08BE-45A4-8073-3D2E3E7A6E6A}.Release|Any CPU.ActiveCfg = Release|Any CPU
		{3DBF4F16-08BE-45A4-8073-3D2E3E7A6E6A}.Release|Any CPU.Build.0 = Release|Any CPU
	EndGlobalSection
	GlobalSection(SolutionProperties) = preSolution
		HideSolutionNode = FALSE
	EndGlobalSection
	GlobalSection(ExtensibilityGlobals) = postSolution
		SolutionGuid = {1A4E003D-B69C-4886-BCD1-025D28CD040E}
	EndGlobalSection
EndGlobal
